
Microsoft Visual Studio Solution File, Format Version 12.00
# Visual Studio 15
VisualStudioVersion = 15.0.28307.136
MinimumVisualStudioVersion = 10.0.40219.1
Project("{FAE04EC0-301F-11D3-BF4B-00C04F79EFBC}") = "BojeMatrice", "BojeMatrice\BojeMatrice.csproj", "{10B916D5-EFEF-416D-A504-B71F15381F5E}"
EndProject
Global
	GlobalSection(SolutionConfigurationPlatforms) = preSolution
		Debug|Any CPU = Debug|Any CPU
		Release|Any CPU = Release|Any CPU
	EndGlobalSection
	GlobalSection(ProjectConfigurationPlatforms) = postSolution
		{10B916D5-EFEF-416D-A504-B71F15381F5E}.Debug|Any CPU.ActiveCfg = Debug|Any CPU
		{10B916D5-EFEF-416D-A504-B71F15381F5E}.Debug|Any CPU.Build.0 = Debug|Any CPU
		{10B916D5-EFEF-416D-A504-B71F15381F5E}.Release|Any CPU.ActiveCfg = Release|Any CPU
		{10B916D5-EFEF-416D-A504-B71F15381F5E}.Release|Any CPU.Build.0 = Release|Any CPU
	EndGlobalSection
	GlobalSection(SolutionProperties) = preSolution
		HideSolutionNode = FALSE
	EndGlobalSection
	GlobalSection(ExtensibilityGlobals) = postSolution
		SolutionGuid = {DCD02C08-35AA-4DB6-8A49-EAFA8AE4ADE0}
	EndGlobalSection
EndGlobal
