
Microsoft Visual Studio Solution File, Format Version 12.00
# Visual Studio 15
VisualStudioVersion = 15.0.28307.136
MinimumVisualStudioVersion = 10.0.40219.1
Project("{FAE04EC0-301F-11D3-BF4B-00C04F79EFBC}") = "ListSorting", "ListSorting.csproj", "{8113E99D-778D-4B72-BF6C-89956E48919D}"
EndProject
Global
	GlobalSection(SolutionConfigurationPlatforms) = preSolution
		Debug|Any CPU = Debug|Any CPU
		Release|Any CPU = Release|Any CPU
	EndGlobalSection
	GlobalSection(ProjectConfigurationPlatforms) = postSolution
		{8113E99D-778D-4B72-BF6C-89956E48919D}.Debug|Any CPU.ActiveCfg = Debug|Any CPU
		{8113E99D-778D-4B72-BF6C-89956E48919D}.Debug|Any CPU.Build.0 = Debug|Any CPU
		{8113E99D-778D-4B72-BF6C-89956E48919D}.Release|Any CPU.ActiveCfg = Release|Any CPU
		{8113E99D-778D-4B72-BF6C-89956E48919D}.Release|Any CPU.Build.0 = Release|Any CPU
	EndGlobalSection
	GlobalSection(SolutionProperties) = preSolution
		HideSolutionNode = FALSE
	EndGlobalSection
	GlobalSection(ExtensibilityGlobals) = postSolution
		SolutionGuid = {BD8AEFBE-454F-4FAC-9972-2080A068B5E0}
	EndGlobalSection
EndGlobal
