
Microsoft Visual Studio Solution File, Format Version 12.00
# Visual Studio 15
VisualStudioVersion = 15.0.28307.136
MinimumVisualStudioVersion = 10.0.40219.1
Project("{FAE04EC0-301F-11D3-BF4B-00C04F79EFBC}") = "bus_linije", "bus_linije\bus_linije.csproj", "{8F9BA52E-9AF2-42D2-80C0-1EFE4E17E3BB}"
EndProject
Global
	GlobalSection(SolutionConfigurationPlatforms) = preSolution
		Debug|Any CPU = Debug|Any CPU
		Release|Any CPU = Release|Any CPU
	EndGlobalSection
	GlobalSection(ProjectConfigurationPlatforms) = postSolution
		{8F9BA52E-9AF2-42D2-80C0-1EFE4E17E3BB}.Debug|Any CPU.ActiveCfg = Debug|Any CPU
		{8F9BA52E-9AF2-42D2-80C0-1EFE4E17E3BB}.Debug|Any CPU.Build.0 = Debug|Any CPU
		{8F9BA52E-9AF2-42D2-80C0-1EFE4E17E3BB}.Release|Any CPU.ActiveCfg = Release|Any CPU
		{8F9BA52E-9AF2-42D2-80C0-1EFE4E17E3BB}.Release|Any CPU.Build.0 = Release|Any CPU
	EndGlobalSection
	GlobalSection(SolutionProperties) = preSolution
		HideSolutionNode = FALSE
	EndGlobalSection
	GlobalSection(ExtensibilityGlobals) = postSolution
		SolutionGuid = {629C9040-7C77-467E-B2AD-7005CC22360F}
	EndGlobalSection
EndGlobal
