
Microsoft Visual Studio Solution File, Format Version 12.00
# Visual Studio 15
VisualStudioVersion = 15.0.28307.136
MinimumVisualStudioVersion = 10.0.40219.1
Project("{FAE04EC0-301F-11D3-BF4B-00C04F79EFBC}") = "boje", "boje.csproj", "{B90BF0CB-00F6-457C-90E1-9E5BF01FB0CD}"
EndProject
Global
	GlobalSection(SolutionConfigurationPlatforms) = preSolution
		Debug|Any CPU = Debug|Any CPU
		Release|Any CPU = Release|Any CPU
	EndGlobalSection
	GlobalSection(ProjectConfigurationPlatforms) = postSolution
		{B90BF0CB-00F6-457C-90E1-9E5BF01FB0CD}.Debug|Any CPU.ActiveCfg = Debug|Any CPU
		{B90BF0CB-00F6-457C-90E1-9E5BF01FB0CD}.Debug|Any CPU.Build.0 = Debug|Any CPU
		{B90BF0CB-00F6-457C-90E1-9E5BF01FB0CD}.Release|Any CPU.ActiveCfg = Release|Any CPU
		{B90BF0CB-00F6-457C-90E1-9E5BF01FB0CD}.Release|Any CPU.Build.0 = Release|Any CPU
	EndGlobalSection
	GlobalSection(SolutionProperties) = preSolution
		HideSolutionNode = FALSE
	EndGlobalSection
	GlobalSection(ExtensibilityGlobals) = postSolution
		SolutionGuid = {A00F49B1-6994-4B51-A9D2-2474AEAC7FCB}
	EndGlobalSection
EndGlobal
